
Microsoft Visual Studio Solution File, Format Version 12.00
# Visual Studio Version 16
VisualStudioVersion = 16.0.29709.97
MinimumVisualStudioVersion = 10.0.40219.1
Project("{FAE04EC0-301F-11D3-BF4B-00C04F79EFBC}") = "01-Inheritance", "Inheritance\01-Inheritance.csproj", "{32181B82-8638-4DCE-9852-515E34F65BA5}"
EndProject
Project("{FAE04EC0-301F-11D3-BF4B-00C04F79EFBC}") = "02-Inheritance-Polymorphism", "Inheritance-Polymorphism\02-Inheritance-Polymorphism.csproj", "{1B28628E-8A9C-4B8E-8FF9-E1B51324D92F}"
EndProject
Project("{FAE04EC0-301F-11D3-BF4B-00C04F79EFBC}") = "03-Inheritance-Constructors", "Inheritance-Constructors\03-Inheritance-Constructors.csproj", "{19F45D39-8536-4E59-8879-88B2FBBCC0B8}"
EndProject
Project("{FAE04EC0-301F-11D3-BF4B-00C04F79EFBC}") = "04-Inheritance-AbstractSealed", "Inheritance-AbstractSealed\04-Inheritance-AbstractSealed.csproj", "{89A8D831-A4D3-42DE-B3BE-AAA30A49CB6F}"
EndProject
Project("{FAE04EC0-301F-11D3-BF4B-00C04F79EFBC}") = "05-Inheritance-Miscellaneous", "Inheritance-Miscellaneous\05-Inheritance-Miscellaneous.csproj", "{1122F21C-23A6-4F15-A767-2A06AAD17F90}"
EndProject
Global
	GlobalSection(SolutionConfigurationPlatforms) = preSolution
		Debug|Any CPU = Debug|Any CPU
		Release|Any CPU = Release|Any CPU
	EndGlobalSection
	GlobalSection(ProjectConfigurationPlatforms) = postSolution
		{32181B82-8638-4DCE-9852-515E34F65BA5}.Debug|Any CPU.ActiveCfg = Debug|Any CPU
		{32181B82-8638-4DCE-9852-515E34F65BA5}.Debug|Any CPU.Build.0 = Debug|Any CPU
		{32181B82-8638-4DCE-9852-515E34F65BA5}.Release|Any CPU.ActiveCfg = Release|Any CPU
		{32181B82-8638-4DCE-9852-515E34F65BA5}.Release|Any CPU.Build.0 = Release|Any CPU
		{1B28628E-8A9C-4B8E-8FF9-E1B51324D92F}.Debug|Any CPU.ActiveCfg = Debug|Any CPU
		{1B28628E-8A9C-4B8E-8FF9-E1B51324D92F}.Debug|Any CPU.Build.0 = Debug|Any CPU
		{1B28628E-8A9C-4B8E-8FF9-E1B51324D92F}.Release|Any CPU.ActiveCfg = Release|Any CPU
		{1B28628E-8A9C-4B8E-8FF9-E1B51324D92F}.Release|Any CPU.Build.0 = Release|Any CPU
		{19F45D39-8536-4E59-8879-88B2FBBCC0B8}.Debug|Any CPU.ActiveCfg = Debug|Any CPU
		{19F45D39-8536-4E59-8879-88B2FBBCC0B8}.Debug|Any CPU.Build.0 = Debug|Any CPU
		{19F45D39-8536-4E59-8879-88B2FBBCC0B8}.Release|Any CPU.ActiveCfg = Release|Any CPU
		{19F45D39-8536-4E59-8879-88B2FBBCC0B8}.Release|Any CPU.Build.0 = Release|Any CPU
		{89A8D831-A4D3-42DE-B3BE-AAA30A49CB6F}.Debug|Any CPU.ActiveCfg = Debug|Any CPU
		{89A8D831-A4D3-42DE-B3BE-AAA30A49CB6F}.Debug|Any CPU.Build.0 = Debug|Any CPU
		{89A8D831-A4D3-42DE-B3BE-AAA30A49CB6F}.Release|Any CPU.ActiveCfg = Release|Any CPU
		{89A8D831-A4D3-42DE-B3BE-AAA30A49CB6F}.Release|Any CPU.Build.0 = Release|Any CPU
		{1122F21C-23A6-4F15-A767-2A06AAD17F90}.Debug|Any CPU.ActiveCfg = Debug|Any CPU
		{1122F21C-23A6-4F15-A767-2A06AAD17F90}.Debug|Any CPU.Build.0 = Debug|Any CPU
		{1122F21C-23A6-4F15-A767-2A06AAD17F90}.Release|Any CPU.ActiveCfg = Release|Any CPU
		{1122F21C-23A6-4F15-A767-2A06AAD17F90}.Release|Any CPU.Build.0 = Release|Any CPU
	EndGlobalSection
	GlobalSection(SolutionProperties) = preSolution
		HideSolutionNode = FALSE
	EndGlobalSection
	GlobalSection(ExtensibilityGlobals) = postSolution
		SolutionGuid = {BB3A50A6-7899-40DC-9049-8229D1864547}
	EndGlobalSection
EndGlobal
